
Microsoft Visual Studio Solution File, Format Version 12.00
# Visual Studio Version 17
VisualStudioVersion = 17.4.33213.308
MinimumVisualStudioVersion = 10.0.40219.1
Project("{E24C65DC-7377-472B-9ABA-BC803B73C61A}") = "html", ".", "{DF75AD40-0F0C-44B2-AF24-933C6660EDFB}"
	ProjectSection(WebsiteProperties) = preProject
		TargetFrameworkMoniker = ".NETFramework,Version%3Dv4.8"
		Debug.AspNetCompiler.VirtualPath = "/localhost_61111"
		Debug.AspNetCompiler.PhysicalPath = "..\..\..\Desktop\html\"
		Debug.AspNetCompiler.TargetPath = "PrecompiledWeb\localhost_61111\"
		Debug.AspNetCompiler.Updateable = "true"
		Debug.AspNetCompiler.ForceOverwrite = "true"
		Debug.AspNetCompiler.FixedNames = "false"
		Debug.AspNetCompiler.Debug = "True"
		Release.AspNetCompiler.VirtualPath = "/localhost_61111"
		Release.AspNetCompiler.PhysicalPath = "..\..\..\Desktop\html\"
		Release.AspNetCompiler.TargetPath = "PrecompiledWeb\localhost_61111\"
		Release.AspNetCompiler.Updateable = "true"
		Release.AspNetCompiler.ForceOverwrite = "true"
		Release.AspNetCompiler.FixedNames = "false"
		Release.AspNetCompiler.Debug = "False"
		VWDPort = "61111"
	EndProjectSection
EndProject
Global
	GlobalSection(SolutionConfigurationPlatforms) = preSolution
		Debug|Any CPU = Debug|Any CPU
	EndGlobalSection
	GlobalSection(ProjectConfigurationPlatforms) = postSolution
		{DF75AD40-0F0C-44B2-AF24-933C6660EDFB}.Debug|Any CPU.ActiveCfg = Debug|Any CPU
		{DF75AD40-0F0C-44B2-AF24-933C6660EDFB}.Debug|Any CPU.Build.0 = Debug|Any CPU
	EndGlobalSection
	GlobalSection(SolutionProperties) = preSolution
		HideSolutionNode = FALSE
	EndGlobalSection
	GlobalSection(ExtensibilityGlobals) = postSolution
		SolutionGuid = {D45B7D2E-ABBD-4487-A9B5-5DFFE20FD2E8}
	EndGlobalSection
EndGlobal
